
Microsoft Visual Studio Solution File, Format Version 12.00
# Visual Studio Version 17
VisualStudioVersion = 17.0.31912.275
MinimumVisualStudioVersion = 10.0.40219.1
Project("{2150E333-8FDC-42A3-9474-1A3956D46DE8}") = "FrontEnd", "FrontEnd", "{364E3975-68F2-4D98-A7DD-664EDBFF5B4A}"
EndProject
Project("{2150E333-8FDC-42A3-9474-1A3956D46DE8}") = "Services", "Services", "{146BF873-AD0B-45D0-B3FE-896AA2F1C47E}"
EndProject
Project("{FAE04EC0-301F-11D3-BF4B-00C04F79EFBC}") = "GeekShooping.Web", "GeekShooping.Web\GeekShooping.Web.csproj", "{4910BF7C-028C-4CD5-A8A4-321E0DB0893E}"
EndProject
Project("{FAE04EC0-301F-11D3-BF4B-00C04F79EFBC}") = "GeekShopping.ProductAPI", "GeekShopping.ProductAPI\GeekShopping.ProductAPI.csproj", "{46AB29CE-B34D-4B9D-9F7D-E6A032AB0A23}"
EndProject
Global
	GlobalSection(SolutionConfigurationPlatforms) = preSolution
		Debug|Any CPU = Debug|Any CPU
		Release|Any CPU = Release|Any CPU
	EndGlobalSection
	GlobalSection(ProjectConfigurationPlatforms) = postSolution
		{4910BF7C-028C-4CD5-A8A4-321E0DB0893E}.Debug|Any CPU.ActiveCfg = Debug|Any CPU
		{4910BF7C-028C-4CD5-A8A4-321E0DB0893E}.Debug|Any CPU.Build.0 = Debug|Any CPU
		{4910BF7C-028C-4CD5-A8A4-321E0DB0893E}.Release|Any CPU.ActiveCfg = Release|Any CPU
		{4910BF7C-028C-4CD5-A8A4-321E0DB0893E}.Release|Any CPU.Build.0 = Release|Any CPU
		{46AB29CE-B34D-4B9D-9F7D-E6A032AB0A23}.Debug|Any CPU.ActiveCfg = Debug|Any CPU
		{46AB29CE-B34D-4B9D-9F7D-E6A032AB0A23}.Debug|Any CPU.Build.0 = Debug|Any CPU
		{46AB29CE-B34D-4B9D-9F7D-E6A032AB0A23}.Release|Any CPU.ActiveCfg = Release|Any CPU
		{46AB29CE-B34D-4B9D-9F7D-E6A032AB0A23}.Release|Any CPU.Build.0 = Release|Any CPU
	EndGlobalSection
	GlobalSection(SolutionProperties) = preSolution
		HideSolutionNode = FALSE
	EndGlobalSection
	GlobalSection(NestedProjects) = preSolution
		{4910BF7C-028C-4CD5-A8A4-321E0DB0893E} = {364E3975-68F2-4D98-A7DD-664EDBFF5B4A}
		{46AB29CE-B34D-4B9D-9F7D-E6A032AB0A23} = {146BF873-AD0B-45D0-B3FE-896AA2F1C47E}
	EndGlobalSection
	GlobalSection(ExtensibilityGlobals) = postSolution
		SolutionGuid = {6F490E80-AE17-4314-9077-9FA29EA8F266}
	EndGlobalSection
EndGlobal
